
Microsoft Visual Studio Solution File, Format Version 12.00
# Visual Studio Version 17
VisualStudioVersion = 17.2.32616.157
MinimumVisualStudioVersion = 10.0.40219.1
Project("{8BC9CEB8-8B4A-11D0-8D11-00A0C91BC942}") = "XiheClient", "XiheClient\XiheClient.vcxproj", "{8A597CB7-9E3A-4AF9-91BF-0E29736210D0}"
EndProject
Project("{8BC9CEB8-8B4A-11D0-8D11-00A0C91BC942}") = "XiheServer", "XiheServer\XiheServer.vcxproj", "{B8BFCFF2-897D-402B-893E-A3642128BABE}"
EndProject
Global
	GlobalSection(SolutionConfigurationPlatforms) = preSolution
		Debug|ARM = Debug|ARM
		Debug|ARM64 = Debug|ARM64
		Release|ARM = Release|ARM
		Release|ARM64 = Release|ARM64
	EndGlobalSection
	GlobalSection(ProjectConfigurationPlatforms) = postSolution
		{8A597CB7-9E3A-4AF9-91BF-0E29736210D0}.Debug|ARM.ActiveCfg = Debug|ARM
		{8A597CB7-9E3A-4AF9-91BF-0E29736210D0}.Debug|ARM.Build.0 = Debug|ARM
		{8A597CB7-9E3A-4AF9-91BF-0E29736210D0}.Debug|ARM.Deploy.0 = Debug|ARM
		{8A597CB7-9E3A-4AF9-91BF-0E29736210D0}.Debug|ARM64.ActiveCfg = Debug|ARM64
		{8A597CB7-9E3A-4AF9-91BF-0E29736210D0}.Debug|ARM64.Build.0 = Debug|ARM64
		{8A597CB7-9E3A-4AF9-91BF-0E29736210D0}.Debug|ARM64.Deploy.0 = Debug|ARM64
		{8A597CB7-9E3A-4AF9-91BF-0E29736210D0}.Release|ARM.ActiveCfg = Release|ARM
		{8A597CB7-9E3A-4AF9-91BF-0E29736210D0}.Release|ARM.Build.0 = Release|ARM
		{8A597CB7-9E3A-4AF9-91BF-0E29736210D0}.Release|ARM.Deploy.0 = Release|ARM
		{8A597CB7-9E3A-4AF9-91BF-0E29736210D0}.Release|ARM64.ActiveCfg = Release|ARM64
		{8A597CB7-9E3A-4AF9-91BF-0E29736210D0}.Release|ARM64.Build.0 = Release|ARM64
		{8A597CB7-9E3A-4AF9-91BF-0E29736210D0}.Release|ARM64.Deploy.0 = Release|ARM64
		{B8BFCFF2-897D-402B-893E-A3642128BABE}.Debug|ARM.ActiveCfg = Debug|ARM
		{B8BFCFF2-897D-402B-893E-A3642128BABE}.Debug|ARM.Build.0 = Debug|ARM
		{B8BFCFF2-897D-402B-893E-A3642128BABE}.Debug|ARM.Deploy.0 = Debug|ARM
		{B8BFCFF2-897D-402B-893E-A3642128BABE}.Debug|ARM64.ActiveCfg = Debug|ARM64
		{B8BFCFF2-897D-402B-893E-A3642128BABE}.Debug|ARM64.Build.0 = Debug|ARM64
		{B8BFCFF2-897D-402B-893E-A3642128BABE}.Debug|ARM64.Deploy.0 = Debug|ARM64
		{B8BFCFF2-897D-402B-893E-A3642128BABE}.Release|ARM.ActiveCfg = Release|ARM
		{B8BFCFF2-897D-402B-893E-A3642128BABE}.Release|ARM.Build.0 = Release|ARM
		{B8BFCFF2-897D-402B-893E-A3642128BABE}.Release|ARM.Deploy.0 = Release|ARM
		{B8BFCFF2-897D-402B-893E-A3642128BABE}.Release|ARM64.ActiveCfg = Release|ARM64
		{B8BFCFF2-897D-402B-893E-A3642128BABE}.Release|ARM64.Build.0 = Release|ARM64
		{B8BFCFF2-897D-402B-893E-A3642128BABE}.Release|ARM64.Deploy.0 = Release|ARM64
	EndGlobalSection
	GlobalSection(SolutionProperties) = preSolution
		HideSolutionNode = FALSE
	EndGlobalSection
	GlobalSection(ExtensibilityGlobals) = postSolution
		SolutionGuid = {011B8646-15A9-4F8F-97CB-0EA1E8E9261C}
	EndGlobalSection
EndGlobal
